
Microsoft Visual Studio Solution File, Format Version 12.00
# Visual Studio Version 17
VisualStudioVersion = 17.2.32630.192
MinimumVisualStudioVersion = 10.0.40219.1
Project("{FAE04EC0-301F-11D3-BF4B-00C04F79EFBC}") = "WebApplication1", "WebApplication1\WebApplication1.csproj", "{DD3578E5-F8BA-4CE5-B2EF-7BD188601220}"
EndProject
Global
	GlobalSection(SolutionConfigurationPlatforms) = preSolution
		Debug|Any CPU = Debug|Any CPU
		Release|Any CPU = Release|Any CPU
	EndGlobalSection
	GlobalSection(ProjectConfigurationPlatforms) = postSolution
		{DD3578E5-F8BA-4CE5-B2EF-7BD188601220}.Debug|Any CPU.ActiveCfg = Debug|Any CPU
		{DD3578E5-F8BA-4CE5-B2EF-7BD188601220}.Debug|Any CPU.Build.0 = Debug|Any CPU
		{DD3578E5-F8BA-4CE5-B2EF-7BD188601220}.Release|Any CPU.ActiveCfg = Release|Any CPU
		{DD3578E5-F8BA-4CE5-B2EF-7BD188601220}.Release|Any CPU.Build.0 = Release|Any CPU
	EndGlobalSection
	GlobalSection(SolutionProperties) = preSolution
		HideSolutionNode = FALSE
	EndGlobalSection
	GlobalSection(ExtensibilityGlobals) = postSolution
		SolutionGuid = {88436627-E985-4CC4-8DB5-92C970669E97}
	EndGlobalSection
EndGlobal
